
Microsoft Visual Studio Solution File, Format Version 12.00
# Visual Studio Version 17
VisualStudioVersion = 17.4.33122.133
MinimumVisualStudioVersion = 10.0.40219.1
Project("{9A19103F-16F7-4668-BE54-9A1E7A4F7556}") = "Shop.WebApi", "Shop.WebApi\Shop.WebApi.csproj", "{888A5679-8636-4933-B42F-8E7B764A4889}"
EndProject
Project("{9A19103F-16F7-4668-BE54-9A1E7A4F7556}") = "Vendor.WebApi", "Vendor.WebApi\Vendor.WebApi.csproj", "{521C8574-E09E-42F1-A9C4-D25AEBE0C208}"
EndProject
Project("{FAE04EC0-301F-11D3-BF4B-00C04F79EFBC}") = "Shop.WebApi.Tests", "Shop.WebApi.Tests\Shop.WebApi.Tests.csproj", "{45C8EAA6-39A7-42D3-8B51-A13920F17F37}"
EndProject
Global
	GlobalSection(SolutionConfigurationPlatforms) = preSolution
		Debug|Any CPU = Debug|Any CPU
		Release|Any CPU = Release|Any CPU
	EndGlobalSection
	GlobalSection(ProjectConfigurationPlatforms) = postSolution
		{888A5679-8636-4933-B42F-8E7B764A4889}.Debug|Any CPU.ActiveCfg = Debug|Any CPU
		{888A5679-8636-4933-B42F-8E7B764A4889}.Debug|Any CPU.Build.0 = Debug|Any CPU
		{888A5679-8636-4933-B42F-8E7B764A4889}.Release|Any CPU.ActiveCfg = Release|Any CPU
		{888A5679-8636-4933-B42F-8E7B764A4889}.Release|Any CPU.Build.0 = Release|Any CPU
		{521C8574-E09E-42F1-A9C4-D25AEBE0C208}.Debug|Any CPU.ActiveCfg = Debug|Any CPU
		{521C8574-E09E-42F1-A9C4-D25AEBE0C208}.Debug|Any CPU.Build.0 = Debug|Any CPU
		{521C8574-E09E-42F1-A9C4-D25AEBE0C208}.Release|Any CPU.ActiveCfg = Release|Any CPU
		{521C8574-E09E-42F1-A9C4-D25AEBE0C208}.Release|Any CPU.Build.0 = Release|Any CPU
		{45C8EAA6-39A7-42D3-8B51-A13920F17F37}.Debug|Any CPU.ActiveCfg = Debug|Any CPU
		{45C8EAA6-39A7-42D3-8B51-A13920F17F37}.Debug|Any CPU.Build.0 = Debug|Any CPU
		{45C8EAA6-39A7-42D3-8B51-A13920F17F37}.Release|Any CPU.ActiveCfg = Release|Any CPU
		{45C8EAA6-39A7-42D3-8B51-A13920F17F37}.Release|Any CPU.Build.0 = Release|Any CPU
	EndGlobalSection
	GlobalSection(SolutionProperties) = preSolution
		HideSolutionNode = FALSE
	EndGlobalSection
	GlobalSection(ExtensibilityGlobals) = postSolution
		SolutionGuid = {211A91B6-83E4-4F86-BD38-B10B9E8076E8}
	EndGlobalSection
EndGlobal
